
Microsoft Visual Studio Solution File, Format Version 12.00
# Visual Studio Version 17
VisualStudioVersion = 17.6.33815.320
MinimumVisualStudioVersion = 10.0.40219.1
Project("{9A19103F-16F7-4668-BE54-9A1E7A4F7556}") = "AccountingSystemFace", "AccountingSystemFace\AccountingSystemFace.csproj", "{E3DA8795-22A5-47E1-AF58-E3157504EC5D}"
EndProject
Project("{9A19103F-16F7-4668-BE54-9A1E7A4F7556}") = "AccountingSystemAPI.DataAccess", "AccountingSystemAPI.DataAccess\AccountingSystemAPI.DataAccess.csproj", "{EDA99BC2-A1BD-458B-B659-0545ED0F26A4}"
EndProject
Project("{9A19103F-16F7-4668-BE54-9A1E7A4F7556}") = "AccountingSystemAPI.Models", "AccountingSystemAPI.Models\AccountingSystemAPI.Models.csproj", "{D39ED92A-43CF-43EB-B345-A97E38C7CE6D}"
EndProject
Project("{9A19103F-16F7-4668-BE54-9A1E7A4F7556}") = "AccountingSystemAPI.Interfaces", "AccountingSystemAPI.Interfaces\AccountingSystemAPI.Interfaces.csproj", "{E51C7391-75F2-4E5A-AD43-B8E8C976C058}"
EndProject
Global
	GlobalSection(SolutionConfigurationPlatforms) = preSolution
		Debug|Any CPU = Debug|Any CPU
		Release|Any CPU = Release|Any CPU
	EndGlobalSection
	GlobalSection(ProjectConfigurationPlatforms) = postSolution
		{E3DA8795-22A5-47E1-AF58-E3157504EC5D}.Debug|Any CPU.ActiveCfg = Debug|Any CPU
		{E3DA8795-22A5-47E1-AF58-E3157504EC5D}.Debug|Any CPU.Build.0 = Debug|Any CPU
		{E3DA8795-22A5-47E1-AF58-E3157504EC5D}.Release|Any CPU.ActiveCfg = Release|Any CPU
		{E3DA8795-22A5-47E1-AF58-E3157504EC5D}.Release|Any CPU.Build.0 = Release|Any CPU
		{EDA99BC2-A1BD-458B-B659-0545ED0F26A4}.Debug|Any CPU.ActiveCfg = Debug|Any CPU
		{EDA99BC2-A1BD-458B-B659-0545ED0F26A4}.Debug|Any CPU.Build.0 = Debug|Any CPU
		{EDA99BC2-A1BD-458B-B659-0545ED0F26A4}.Release|Any CPU.ActiveCfg = Release|Any CPU
		{EDA99BC2-A1BD-458B-B659-0545ED0F26A4}.Release|Any CPU.Build.0 = Release|Any CPU
		{D39ED92A-43CF-43EB-B345-A97E38C7CE6D}.Debug|Any CPU.ActiveCfg = Debug|Any CPU
		{D39ED92A-43CF-43EB-B345-A97E38C7CE6D}.Debug|Any CPU.Build.0 = Debug|Any CPU
		{D39ED92A-43CF-43EB-B345-A97E38C7CE6D}.Release|Any CPU.ActiveCfg = Release|Any CPU
		{D39ED92A-43CF-43EB-B345-A97E38C7CE6D}.Release|Any CPU.Build.0 = Release|Any CPU
		{E51C7391-75F2-4E5A-AD43-B8E8C976C058}.Debug|Any CPU.ActiveCfg = Debug|Any CPU
		{E51C7391-75F2-4E5A-AD43-B8E8C976C058}.Debug|Any CPU.Build.0 = Debug|Any CPU
		{E51C7391-75F2-4E5A-AD43-B8E8C976C058}.Release|Any CPU.ActiveCfg = Release|Any CPU
		{E51C7391-75F2-4E5A-AD43-B8E8C976C058}.Release|Any CPU.Build.0 = Release|Any CPU
	EndGlobalSection
	GlobalSection(SolutionProperties) = preSolution
		HideSolutionNode = FALSE
	EndGlobalSection
	GlobalSection(ExtensibilityGlobals) = postSolution
		SolutionGuid = {1DA483C9-C51E-45D7-8F6D-EDAF52D63DD8}
	EndGlobalSection
EndGlobal
